
Microsoft Visual Studio Solution File, Format Version 12.00
# Visual Studio Version 16
VisualStudioVersion = 16.0.32106.194
MinimumVisualStudioVersion = 10.0.40219.1
Project("{FAE04EC0-301F-11D3-BF4B-00C04F79EFBC}") = "DAPS", "DAPS\DAPS.csproj", "{48DF729E-1C5B-43C3-814A-B5C09DC850A6}"
EndProject
Project("{9A19103F-16F7-4668-BE54-9A1E7A4F7556}") = "Models", "Models\Models.csproj", "{79B6E2EF-F9C1-46AE-81CD-A44A18008172}"
EndProject
Project("{FAE04EC0-301F-11D3-BF4B-00C04F79EFBC}") = "PHX", "PHX\PHX.csproj", "{A542EB4D-0AE5-43CA-8822-6601D74199A0}"
EndProject
Global
	GlobalSection(SolutionConfigurationPlatforms) = preSolution
		Debug|Any CPU = Debug|Any CPU
		Release|Any CPU = Release|Any CPU
	EndGlobalSection
	GlobalSection(ProjectConfigurationPlatforms) = postSolution
		{48DF729E-1C5B-43C3-814A-B5C09DC850A6}.Debug|Any CPU.ActiveCfg = Debug|Any CPU
		{48DF729E-1C5B-43C3-814A-B5C09DC850A6}.Debug|Any CPU.Build.0 = Debug|Any CPU
		{48DF729E-1C5B-43C3-814A-B5C09DC850A6}.Release|Any CPU.ActiveCfg = Release|Any CPU
		{48DF729E-1C5B-43C3-814A-B5C09DC850A6}.Release|Any CPU.Build.0 = Release|Any CPU
		{79B6E2EF-F9C1-46AE-81CD-A44A18008172}.Debug|Any CPU.ActiveCfg = Debug|Any CPU
		{79B6E2EF-F9C1-46AE-81CD-A44A18008172}.Debug|Any CPU.Build.0 = Debug|Any CPU
		{79B6E2EF-F9C1-46AE-81CD-A44A18008172}.Release|Any CPU.ActiveCfg = Release|Any CPU
		{79B6E2EF-F9C1-46AE-81CD-A44A18008172}.Release|Any CPU.Build.0 = Release|Any CPU
		{A542EB4D-0AE5-43CA-8822-6601D74199A0}.Debug|Any CPU.ActiveCfg = Debug|Any CPU
		{A542EB4D-0AE5-43CA-8822-6601D74199A0}.Debug|Any CPU.Build.0 = Debug|Any CPU
		{A542EB4D-0AE5-43CA-8822-6601D74199A0}.Release|Any CPU.ActiveCfg = Release|Any CPU
		{A542EB4D-0AE5-43CA-8822-6601D74199A0}.Release|Any CPU.Build.0 = Release|Any CPU
	EndGlobalSection
	GlobalSection(SolutionProperties) = preSolution
		HideSolutionNode = FALSE
	EndGlobalSection
	GlobalSection(ExtensibilityGlobals) = postSolution
		SolutionGuid = {6AF6A8AF-A62E-48AA-987B-6524CE3771C3}
	EndGlobalSection
EndGlobal
